
Microsoft Visual Studio Solution File, Format Version 12.00
# Visual Studio Version 16
VisualStudioVersion = 16.0.29326.143
MinimumVisualStudioVersion = 10.0.40219.1
Project("{FAE04EC0-301F-11D3-BF4B-00C04F79EFBC}") = "exerciciolinq", "exerciciolinq\exerciciolinq.csproj", "{A7CA71F7-843F-47E8-9469-2D84F5DE97ED}"
EndProject
Global
	GlobalSection(SolutionConfigurationPlatforms) = preSolution
		Debug|Any CPU = Debug|Any CPU
		Release|Any CPU = Release|Any CPU
	EndGlobalSection
	GlobalSection(ProjectConfigurationPlatforms) = postSolution
		{A7CA71F7-843F-47E8-9469-2D84F5DE97ED}.Debug|Any CPU.ActiveCfg = Debug|Any CPU
		{A7CA71F7-843F-47E8-9469-2D84F5DE97ED}.Debug|Any CPU.Build.0 = Debug|Any CPU
		{A7CA71F7-843F-47E8-9469-2D84F5DE97ED}.Release|Any CPU.ActiveCfg = Release|Any CPU
		{A7CA71F7-843F-47E8-9469-2D84F5DE97ED}.Release|Any CPU.Build.0 = Release|Any CPU
	EndGlobalSection
	GlobalSection(SolutionProperties) = preSolution
		HideSolutionNode = FALSE
	EndGlobalSection
	GlobalSection(ExtensibilityGlobals) = postSolution
		SolutionGuid = {4B7A62B8-AB64-4C5D-8F14-8AB2975DB84F}
	EndGlobalSection
EndGlobal
